
Microsoft Visual Studio Solution File, Format Version 12.00
# Visual Studio 2012
Project("{FAE04EC0-301F-11D3-BF4B-00C04F79EFBC}") = "Antiporn", "Antiporn\Antiporn.csproj", "{24ADA0B6-E12E-4BBD-B228-D754C9CD1A9E}"
EndProject
Global
	GlobalSection(SolutionConfigurationPlatforms) = preSolution
		Debug|Any CPU = Debug|Any CPU
		Release|Any CPU = Release|Any CPU
	EndGlobalSection
	GlobalSection(ProjectConfigurationPlatforms) = postSolution
		{24ADA0B6-E12E-4BBD-B228-D754C9CD1A9E}.Debug|Any CPU.ActiveCfg = Debug|Any CPU
		{24ADA0B6-E12E-4BBD-B228-D754C9CD1A9E}.Debug|Any CPU.Build.0 = Debug|Any CPU
		{24ADA0B6-E12E-4BBD-B228-D754C9CD1A9E}.Release|Any CPU.ActiveCfg = Release|Any CPU
		{24ADA0B6-E12E-4BBD-B228-D754C9CD1A9E}.Release|Any CPU.Build.0 = Release|Any CPU
	EndGlobalSection
	GlobalSection(SolutionProperties) = preSolution
		HideSolutionNode = FALSE
	EndGlobalSection
EndGlobal
